
Microsoft Visual Studio Solution File, Format Version 12.00
# Visual Studio Version 16
VisualStudioVersion = 16.0.31729.503
MinimumVisualStudioVersion = 10.0.40219.1
Project("{FAE04EC0-301F-11D3-BF4B-00C04F79EFBC}") = "TTA_WebApp", "TTA_WebApp.csproj", "{51024340-5A62-485E-AE68-E808BEA59DB5}"
EndProject
Global
	GlobalSection(SolutionConfigurationPlatforms) = preSolution
		Debug|Any CPU = Debug|Any CPU
		Release|Any CPU = Release|Any CPU
	EndGlobalSection
	GlobalSection(ProjectConfigurationPlatforms) = postSolution
		{51024340-5A62-485E-AE68-E808BEA59DB5}.Debug|Any CPU.ActiveCfg = Debug|Any CPU
		{51024340-5A62-485E-AE68-E808BEA59DB5}.Debug|Any CPU.Build.0 = Debug|Any CPU
		{51024340-5A62-485E-AE68-E808BEA59DB5}.Release|Any CPU.ActiveCfg = Release|Any CPU
		{51024340-5A62-485E-AE68-E808BEA59DB5}.Release|Any CPU.Build.0 = Release|Any CPU
	EndGlobalSection
	GlobalSection(SolutionProperties) = preSolution
		HideSolutionNode = FALSE
	EndGlobalSection
	GlobalSection(ExtensibilityGlobals) = postSolution
		SolutionGuid = {C4CDDB60-8B82-40AB-8EBD-0E404445179A}
	EndGlobalSection
EndGlobal
